# This file is automatically @generated by Cargo.
# It is not intended for manual editing.
[[package]]
name = "cfg-if"
version = "0.1.10"
source = "registry+https://github.com/rust-lang/crates.io-index"
checksum = "4785bdd1c96b2a846b2bd7cc02e86b6b3dbf14e7e53446c4f54c92a361040822"

[[package]]
name = "lazy_static"
version = "1.4.0"
source = "registry+https://github.com/rust-lang/crates.io-index"
checksum = "e2abad23fbc42b3700f2f279844dc832adb2b2eb069b2df918f455c4e18cc646"

[[package]]
name = "log"
version = "0.4.8"
source = "registry+https://github.com/rust-lang/crates.io-index"
checksum = "14b6052be84e6b71ab17edffc2eeabf5c2c3ae1fdb464aae35ac50c67a44e1f7"
dependencies = [
 "cfg-if",
]

[[package]]
name = "z3"
version = "0.4.0"
source = "registry+https://github.com/rust-lang/crates.io-index"
checksum = "fe5e9b2a58f7914e3109e7138c42a1718e6857a3bbba0588c6ad1c30d6d4fc5f"
dependencies = [
 "lazy_static",
 "log",
 "z3-sys",
]

[[package]]
name = "z3-sys"
version = "0.5.0"
source = "registry+https://github.com/rust-lang/crates.io-index"
checksum = "ae57b4c31eabc2620fbf2ea3e4deac2cd8a12522ccc0ebcc29e60dff8137de31"

[[package]]
name = "zebra"
version = "0.1.0"
dependencies = [
 "z3",
]
